
Microsoft Visual Studio Solution File, Format Version 12.00
# Visual Studio 15
VisualStudioVersion = 15.0.27130.0
MinimumVisualStudioVersion = 10.0.40219.1
Project("{FAE04EC0-301F-11D3-BF4B-00C04F79EFBC}") = "CodingKids", "CodingKids\CodingKids.csproj", "{BBC361ED-00D6-4C87-B4F2-68DBF63C22D9}"
EndProject
Global
	GlobalSection(SolutionConfigurationPlatforms) = preSolution
		Debug|Any CPU = Debug|Any CPU
		Release|Any CPU = Release|Any CPU
	EndGlobalSection
	GlobalSection(ProjectConfigurationPlatforms) = postSolution
		{BBC361ED-00D6-4C87-B4F2-68DBF63C22D9}.Debug|Any CPU.ActiveCfg = Debug|Any CPU
		{BBC361ED-00D6-4C87-B4F2-68DBF63C22D9}.Debug|Any CPU.Build.0 = Debug|Any CPU
		{BBC361ED-00D6-4C87-B4F2-68DBF63C22D9}.Release|Any CPU.ActiveCfg = Release|Any CPU
		{BBC361ED-00D6-4C87-B4F2-68DBF63C22D9}.Release|Any CPU.Build.0 = Release|Any CPU
	EndGlobalSection
	GlobalSection(SolutionProperties) = preSolution
		HideSolutionNode = FALSE
	EndGlobalSection
	GlobalSection(ExtensibilityGlobals) = postSolution
		SolutionGuid = {51F0A244-55B7-4B0F-8C19-96A4D40D8FC5}
	EndGlobalSection
EndGlobal
